
Microsoft Visual Studio Solution File, Format Version 12.00
# Visual Studio Version 17
VisualStudioVersion = 17.5.33516.290
MinimumVisualStudioVersion = 10.0.40219.1
Project("{9A19103F-16F7-4668-BE54-9A1E7A4F7556}") = "Calculadora", "Calculadora\Calculadora.csproj", "{33E1BFD8-4319-4EAE-84AE-A4DDBB9720CE}"
EndProject
Project("{9A19103F-16F7-4668-BE54-9A1E7A4F7556}") = "Calculadora.Tests", "Calculadora.Tests\Calculadora.Tests.csproj", "{43E66004-E2E7-4E92-8CF8-663C31BE151B}"
EndProject
Project("{9A19103F-16F7-4668-BE54-9A1E7A4F7556}") = "Calculadora.Interface", "Calculadora.Interface\Calculadora.Interface.csproj", "{317E9065-F444-4088-B21D-41B088DA7697}"
EndProject
Project("{2150E333-8FDC-42A3-9474-1A3956D46DE8}") = "Calculadora", "Calculadora", "{5D7C1B18-E681-47DC-8E87-67C22B3B8B8D}"
EndProject
Global
	GlobalSection(SolutionConfigurationPlatforms) = preSolution
		Debug|Any CPU = Debug|Any CPU
		Release|Any CPU = Release|Any CPU
	EndGlobalSection
	GlobalSection(ProjectConfigurationPlatforms) = postSolution
		{33E1BFD8-4319-4EAE-84AE-A4DDBB9720CE}.Debug|Any CPU.ActiveCfg = Debug|Any CPU
		{33E1BFD8-4319-4EAE-84AE-A4DDBB9720CE}.Debug|Any CPU.Build.0 = Debug|Any CPU
		{33E1BFD8-4319-4EAE-84AE-A4DDBB9720CE}.Release|Any CPU.ActiveCfg = Release|Any CPU
		{33E1BFD8-4319-4EAE-84AE-A4DDBB9720CE}.Release|Any CPU.Build.0 = Release|Any CPU
		{43E66004-E2E7-4E92-8CF8-663C31BE151B}.Debug|Any CPU.ActiveCfg = Debug|Any CPU
		{43E66004-E2E7-4E92-8CF8-663C31BE151B}.Debug|Any CPU.Build.0 = Debug|Any CPU
		{43E66004-E2E7-4E92-8CF8-663C31BE151B}.Release|Any CPU.ActiveCfg = Release|Any CPU
		{43E66004-E2E7-4E92-8CF8-663C31BE151B}.Release|Any CPU.Build.0 = Release|Any CPU
		{317E9065-F444-4088-B21D-41B088DA7697}.Debug|Any CPU.ActiveCfg = Debug|Any CPU
		{317E9065-F444-4088-B21D-41B088DA7697}.Debug|Any CPU.Build.0 = Debug|Any CPU
		{317E9065-F444-4088-B21D-41B088DA7697}.Release|Any CPU.ActiveCfg = Release|Any CPU
		{317E9065-F444-4088-B21D-41B088DA7697}.Release|Any CPU.Build.0 = Release|Any CPU
	EndGlobalSection
	GlobalSection(SolutionProperties) = preSolution
		HideSolutionNode = FALSE
	EndGlobalSection
	GlobalSection(NestedProjects) = preSolution
		{33E1BFD8-4319-4EAE-84AE-A4DDBB9720CE} = {5D7C1B18-E681-47DC-8E87-67C22B3B8B8D}
		{43E66004-E2E7-4E92-8CF8-663C31BE151B} = {5D7C1B18-E681-47DC-8E87-67C22B3B8B8D}
		{317E9065-F444-4088-B21D-41B088DA7697} = {5D7C1B18-E681-47DC-8E87-67C22B3B8B8D}
	EndGlobalSection
	GlobalSection(ExtensibilityGlobals) = postSolution
		SolutionGuid = {5B34D451-78C8-47CF-9A28-8730B2E29849}
	EndGlobalSection
EndGlobal
